
Microsoft Visual Studio Solution File, Format Version 12.00
# Visual Studio Version 17
VisualStudioVersion = 17.14.36408.4 d17.14
MinimumVisualStudioVersion = 10.0.40219.1
Project("{FAE04EC0-301F-11D3-BF4B-00C04F79EFBC}") = "Spotify_YouTube_converter", "Spotify_YouTube_converter\Spotify_YouTube_converter.csproj", "{5C4ABD7C-DA45-41E1-B550-1E732D6BF459}"
EndProject
Project("{FAE04EC0-301F-11D3-BF4B-00C04F79EFBC}") = "testProj", "testProj\testProj.csproj", "{AB12B3F6-AE25-48BB-BDD6-94060CFA1A55}"
EndProject
Global
	GlobalSection(SolutionConfigurationPlatforms) = preSolution
		Debug|Any CPU = Debug|Any CPU
		Release|Any CPU = Release|Any CPU
	EndGlobalSection
	GlobalSection(ProjectConfigurationPlatforms) = postSolution
		{5C4ABD7C-DA45-41E1-B550-1E732D6BF459}.Debug|Any CPU.ActiveCfg = Debug|Any CPU
		{5C4ABD7C-DA45-41E1-B550-1E732D6BF459}.Debug|Any CPU.Build.0 = Debug|Any CPU
		{5C4ABD7C-DA45-41E1-B550-1E732D6BF459}.Release|Any CPU.ActiveCfg = Release|Any CPU
		{5C4ABD7C-DA45-41E1-B550-1E732D6BF459}.Release|Any CPU.Build.0 = Release|Any CPU
		{AB12B3F6-AE25-48BB-BDD6-94060CFA1A55}.Debug|Any CPU.ActiveCfg = Debug|Any CPU
		{AB12B3F6-AE25-48BB-BDD6-94060CFA1A55}.Debug|Any CPU.Build.0 = Debug|Any CPU
		{AB12B3F6-AE25-48BB-BDD6-94060CFA1A55}.Release|Any CPU.ActiveCfg = Release|Any CPU
		{AB12B3F6-AE25-48BB-BDD6-94060CFA1A55}.Release|Any CPU.Build.0 = Release|Any CPU
	EndGlobalSection
	GlobalSection(SolutionProperties) = preSolution
		HideSolutionNode = FALSE
	EndGlobalSection
	GlobalSection(ExtensibilityGlobals) = postSolution
		SolutionGuid = {4F620EF9-32F3-48AE-95A2-174FE708A947}
	EndGlobalSection
EndGlobal
